
Microsoft Visual Studio Solution File, Format Version 12.00
# Visual Studio Version 16
VisualStudioVersion = 16.0.808.10
MinimumVisualStudioVersion = 10.0.40219.1
Project("{FAE04EC0-301F-11D3-BF4B-00C04F79EFBC}") = "NetCore.Web", "NetCore.Web\NetCore.Web.csproj", "{E85AE102-0186-46AA-9A49-3AFECF74250D}"
EndProject
Project("{FAE04EC0-301F-11D3-BF4B-00C04F79EFBC}") = "NetCore.Data", "NetCore.Data\NetCore.Data.csproj", "{2807FE97-E84A-4013-8704-64EE29D06AF3}"
EndProject
Project("{FAE04EC0-301F-11D3-BF4B-00C04F79EFBC}") = "NetCore.Services", "NetCore.Services\NetCore.Services.csproj", "{A206BF02-5C6A-4984-9630-EFDA675DCBC4}"
EndProject
Global
	GlobalSection(SolutionConfigurationPlatforms) = preSolution
		Debug|Any CPU = Debug|Any CPU
		Release|Any CPU = Release|Any CPU
	EndGlobalSection
	GlobalSection(ProjectConfigurationPlatforms) = postSolution
		{E85AE102-0186-46AA-9A49-3AFECF74250D}.Debug|Any CPU.ActiveCfg = Debug|Any CPU
		{E85AE102-0186-46AA-9A49-3AFECF74250D}.Debug|Any CPU.Build.0 = Debug|Any CPU
		{E85AE102-0186-46AA-9A49-3AFECF74250D}.Release|Any CPU.ActiveCfg = Release|Any CPU
		{E85AE102-0186-46AA-9A49-3AFECF74250D}.Release|Any CPU.Build.0 = Release|Any CPU
		{2807FE97-E84A-4013-8704-64EE29D06AF3}.Debug|Any CPU.ActiveCfg = Debug|Any CPU
		{2807FE97-E84A-4013-8704-64EE29D06AF3}.Debug|Any CPU.Build.0 = Debug|Any CPU
		{2807FE97-E84A-4013-8704-64EE29D06AF3}.Release|Any CPU.ActiveCfg = Release|Any CPU
		{2807FE97-E84A-4013-8704-64EE29D06AF3}.Release|Any CPU.Build.0 = Release|Any CPU
		{A206BF02-5C6A-4984-9630-EFDA675DCBC4}.Debug|Any CPU.ActiveCfg = Debug|Any CPU
		{A206BF02-5C6A-4984-9630-EFDA675DCBC4}.Debug|Any CPU.Build.0 = Debug|Any CPU
		{A206BF02-5C6A-4984-9630-EFDA675DCBC4}.Release|Any CPU.ActiveCfg = Release|Any CPU
		{A206BF02-5C6A-4984-9630-EFDA675DCBC4}.Release|Any CPU.Build.0 = Release|Any CPU
	EndGlobalSection
	GlobalSection(SolutionProperties) = preSolution
		HideSolutionNode = FALSE
	EndGlobalSection
	GlobalSection(ExtensibilityGlobals) = postSolution
		SolutionGuid = {9995849C-8F80-4837-A1C2-42DEB25F99AD}
	EndGlobalSection
EndGlobal
